
Microsoft Visual Studio Solution File, Format Version 12.00
# Visual Studio Version 17
VisualStudioVersion = 17.4.33403.182
MinimumVisualStudioVersion = 10.0.40219.1
Project("{FAE04EC0-301F-11D3-BF4B-00C04F79EFBC}") = "PMHI", "PMHI\PMHI.csproj", "{9C05E9AD-3F8B-4069-8A36-547E40CAFE0D}"
EndProject
Global
	GlobalSection(SolutionConfigurationPlatforms) = preSolution
		Debug|Any CPU = Debug|Any CPU
		Release|Any CPU = Release|Any CPU
	EndGlobalSection
	GlobalSection(ProjectConfigurationPlatforms) = postSolution
		{9C05E9AD-3F8B-4069-8A36-547E40CAFE0D}.Debug|Any CPU.ActiveCfg = Debug|Any CPU
		{9C05E9AD-3F8B-4069-8A36-547E40CAFE0D}.Debug|Any CPU.Build.0 = Debug|Any CPU
		{9C05E9AD-3F8B-4069-8A36-547E40CAFE0D}.Release|Any CPU.ActiveCfg = Release|Any CPU
		{9C05E9AD-3F8B-4069-8A36-547E40CAFE0D}.Release|Any CPU.Build.0 = Release|Any CPU
	EndGlobalSection
	GlobalSection(SolutionProperties) = preSolution
		HideSolutionNode = FALSE
	EndGlobalSection
	GlobalSection(ExtensibilityGlobals) = postSolution
		SolutionGuid = {32398FA5-289A-4D55-9D20-F1A00E544B43}
	EndGlobalSection
EndGlobal
